
Microsoft Visual Studio Solution File, Format Version 12.00
# Visual Studio 15
VisualStudioVersion = 15.0.26730.10
MinimumVisualStudioVersion = 10.0.40219.1
Project("{9A19103F-16F7-4668-BE54-9A1E7A4F7556}") = "wormhole", "wormhole\wormhole.csproj", "{D7A90F77-8D95-4361-9D18-5F61AA9010EE}"
EndProject
Project("{E53339B2-1760-4266-BCC7-CA923CBCF16C}") = "docker-compose", "docker-compose.dcproj", "{B5E6608D-3EC7-4A82-A8AA-576E84B236B2}"
EndProject
Project("{FAE04EC0-301F-11D3-BF4B-00C04F79EFBC}") = "wormhole.policy", "wormhole.policy\wormhole.policy.csproj", "{FBF5C97A-7A53-4180-B2B3-8958478502B0}"
EndProject
Project("{FAE04EC0-301F-11D3-BF4B-00C04F79EFBC}") = "wormhole.policy.aspnetcore", "wormhole.policy.aspnetcore\wormhole.policy.aspnetcore.csproj", "{276951FA-F8D4-4326-81FF-573CEE021E6A}"
EndProject
Global
	GlobalSection(SolutionConfigurationPlatforms) = preSolution
		Debug|Any CPU = Debug|Any CPU
		Release|Any CPU = Release|Any CPU
	EndGlobalSection
	GlobalSection(ProjectConfigurationPlatforms) = postSolution
		{D7A90F77-8D95-4361-9D18-5F61AA9010EE}.Debug|Any CPU.ActiveCfg = Debug|Any CPU
		{D7A90F77-8D95-4361-9D18-5F61AA9010EE}.Debug|Any CPU.Build.0 = Debug|Any CPU
		{D7A90F77-8D95-4361-9D18-5F61AA9010EE}.Release|Any CPU.ActiveCfg = Release|Any CPU
		{D7A90F77-8D95-4361-9D18-5F61AA9010EE}.Release|Any CPU.Build.0 = Release|Any CPU
		{B5E6608D-3EC7-4A82-A8AA-576E84B236B2}.Debug|Any CPU.ActiveCfg = Debug|Any CPU
		{B5E6608D-3EC7-4A82-A8AA-576E84B236B2}.Release|Any CPU.ActiveCfg = Release|Any CPU
		{FBF5C97A-7A53-4180-B2B3-8958478502B0}.Debug|Any CPU.ActiveCfg = Debug|Any CPU
		{FBF5C97A-7A53-4180-B2B3-8958478502B0}.Debug|Any CPU.Build.0 = Debug|Any CPU
		{FBF5C97A-7A53-4180-B2B3-8958478502B0}.Release|Any CPU.ActiveCfg = Release|Any CPU
		{FBF5C97A-7A53-4180-B2B3-8958478502B0}.Release|Any CPU.Build.0 = Release|Any CPU
		{276951FA-F8D4-4326-81FF-573CEE021E6A}.Debug|Any CPU.ActiveCfg = Debug|Any CPU
		{276951FA-F8D4-4326-81FF-573CEE021E6A}.Debug|Any CPU.Build.0 = Debug|Any CPU
		{276951FA-F8D4-4326-81FF-573CEE021E6A}.Release|Any CPU.ActiveCfg = Release|Any CPU
		{276951FA-F8D4-4326-81FF-573CEE021E6A}.Release|Any CPU.Build.0 = Release|Any CPU
	EndGlobalSection
	GlobalSection(SolutionProperties) = preSolution
		HideSolutionNode = FALSE
	EndGlobalSection
	GlobalSection(ExtensibilityGlobals) = postSolution
		SolutionGuid = {C199A8F1-B725-4827-8D73-AF92BEF18612}
	EndGlobalSection
EndGlobal
