
Microsoft Visual Studio Solution File, Format Version 12.00
# Visual Studio 15
VisualStudioVersion = 15.0.26730.10
MinimumVisualStudioVersion = 10.0.40219.1
Project("{FAE04EC0-301F-11D3-BF4B-00C04F79EFBC}") = "wormhole", "wormhole\wormhole.csproj", "{D7A90F77-8D95-4361-9D18-5F61AA9010EE}"
EndProject
Project("{E53339B2-1760-4266-BCC7-CA923CBCF16C}") = "docker-compose", "docker-compose.dcproj", "{B5E6608D-3EC7-4A82-A8AA-576E84B236B2}"
EndProject
Global
	GlobalSection(SolutionConfigurationPlatforms) = preSolution
		Debug|Any CPU = Debug|Any CPU
		Release|Any CPU = Release|Any CPU
	EndGlobalSection
	GlobalSection(ProjectConfigurationPlatforms) = postSolution
		{D7A90F77-8D95-4361-9D18-5F61AA9010EE}.Debug|Any CPU.ActiveCfg = Debug|Any CPU
		{D7A90F77-8D95-4361-9D18-5F61AA9010EE}.Debug|Any CPU.Build.0 = Debug|Any CPU
		{D7A90F77-8D95-4361-9D18-5F61AA9010EE}.Release|Any CPU.ActiveCfg = Release|Any CPU
		{D7A90F77-8D95-4361-9D18-5F61AA9010EE}.Release|Any CPU.Build.0 = Release|Any CPU
		{B5E6608D-3EC7-4A82-A8AA-576E84B236B2}.Debug|Any CPU.ActiveCfg = Debug|Any CPU
		{B5E6608D-3EC7-4A82-A8AA-576E84B236B2}.Release|Any CPU.ActiveCfg = Release|Any CPU
	EndGlobalSection
	GlobalSection(SolutionProperties) = preSolution
		HideSolutionNode = FALSE
	EndGlobalSection
	GlobalSection(ExtensibilityGlobals) = postSolution
		SolutionGuid = {C199A8F1-B725-4827-8D73-AF92BEF18612}
	EndGlobalSection
EndGlobal
