
Microsoft Visual Studio Solution File, Format Version 12.00
# Visual Studio 15
VisualStudioVersion = 15.0.26730.10
MinimumVisualStudioVersion = 10.0.40219.1
Project("{9A19103F-16F7-4668-BE54-9A1E7A4F7556}") = "wormhole", "wormhole\wormhole.csproj", "{D7A90F77-8D95-4361-9D18-5F61AA9010EE}"
EndProject
Project("{E53339B2-1760-4266-BCC7-CA923CBCF16C}") = "docker-compose", "docker-compose.dcproj", "{B5E6608D-3EC7-4A82-A8AA-576E84B236B2}"
EndProject
Project("{9A19103F-16F7-4668-BE54-9A1E7A4F7556}") = "wormhole.policy", "wormhole.policy\wormhole.policy.csproj", "{FBF5C97A-7A53-4180-B2B3-8958478502B0}"
EndProject
Project("{9A19103F-16F7-4668-BE54-9A1E7A4F7556}") = "wormhole.policy.aspnetcore", "wormhole.policy.aspnetcore\wormhole.policy.aspnetcore.csproj", "{276951FA-F8D4-4326-81FF-573CEE021E6A}"
EndProject
Project("{9A19103F-16F7-4668-BE54-9A1E7A4F7556}") = "product-api", "product-api\product-api.csproj", "{70CE195D-D8BE-44DD-8ECD-6F5965CFDCB0}"
EndProject
Project("{9A19103F-16F7-4668-BE54-9A1E7A4F7556}") = "wormhole.models", "wormhole.models\wormhole.models.csproj", "{443EA506-9C5B-461A-88F6-E5C73741CBAB}"
EndProject
Project("{2150E333-8FDC-42A3-9474-1A3956D46DE8}") = "temp", "temp", "{2AF09682-8BAC-44BD-B0D5-A6D3C34D0177}"
	ProjectSection(SolutionItems) = preProject
		stiky-01.txt = stiky-01.txt
	EndProjectSection
EndProject
Project("{9A19103F-16F7-4668-BE54-9A1E7A4F7556}") = "wormhole.repository", "..\wormhole.repository\wormhole.repository.csproj", "{77485E23-F135-4BA6-9C2C-E63F27AF28CC}"
EndProject
Project("{9A19103F-16F7-4668-BE54-9A1E7A4F7556}") = "wormhole.repository.test", "wormhole.repository.test\wormhole.repository.test.csproj", "{6C144F88-2BF9-4174-8DC5-B81CC2982D97}"
EndProject
Project("{2150E333-8FDC-42A3-9474-1A3956D46DE8}") = "Notes", "Notes", "{80DC3BE1-6EB4-4EBA-B522-C95DDB0E73E2}"
	ProjectSection(SolutionItems) = preProject
		windows.setup.bat = windows.setup.bat
		wormhole-config.json = wormhole-config.json
	EndProjectSection
EndProject
Global
	GlobalSection(SolutionConfigurationPlatforms) = preSolution
		Debug|Any CPU = Debug|Any CPU
		Release|Any CPU = Release|Any CPU
	EndGlobalSection
	GlobalSection(ProjectConfigurationPlatforms) = postSolution
		{D7A90F77-8D95-4361-9D18-5F61AA9010EE}.Debug|Any CPU.ActiveCfg = Debug|Any CPU
		{D7A90F77-8D95-4361-9D18-5F61AA9010EE}.Debug|Any CPU.Build.0 = Debug|Any CPU
		{D7A90F77-8D95-4361-9D18-5F61AA9010EE}.Release|Any CPU.ActiveCfg = Release|Any CPU
		{D7A90F77-8D95-4361-9D18-5F61AA9010EE}.Release|Any CPU.Build.0 = Release|Any CPU
		{B5E6608D-3EC7-4A82-A8AA-576E84B236B2}.Debug|Any CPU.ActiveCfg = Debug|Any CPU
		{B5E6608D-3EC7-4A82-A8AA-576E84B236B2}.Release|Any CPU.ActiveCfg = Release|Any CPU
		{FBF5C97A-7A53-4180-B2B3-8958478502B0}.Debug|Any CPU.ActiveCfg = Debug|Any CPU
		{FBF5C97A-7A53-4180-B2B3-8958478502B0}.Debug|Any CPU.Build.0 = Debug|Any CPU
		{FBF5C97A-7A53-4180-B2B3-8958478502B0}.Release|Any CPU.ActiveCfg = Release|Any CPU
		{FBF5C97A-7A53-4180-B2B3-8958478502B0}.Release|Any CPU.Build.0 = Release|Any CPU
		{276951FA-F8D4-4326-81FF-573CEE021E6A}.Debug|Any CPU.ActiveCfg = Debug|Any CPU
		{276951FA-F8D4-4326-81FF-573CEE021E6A}.Debug|Any CPU.Build.0 = Debug|Any CPU
		{276951FA-F8D4-4326-81FF-573CEE021E6A}.Release|Any CPU.ActiveCfg = Release|Any CPU
		{276951FA-F8D4-4326-81FF-573CEE021E6A}.Release|Any CPU.Build.0 = Release|Any CPU
		{70CE195D-D8BE-44DD-8ECD-6F5965CFDCB0}.Debug|Any CPU.ActiveCfg = Debug|Any CPU
		{70CE195D-D8BE-44DD-8ECD-6F5965CFDCB0}.Debug|Any CPU.Build.0 = Debug|Any CPU
		{70CE195D-D8BE-44DD-8ECD-6F5965CFDCB0}.Release|Any CPU.ActiveCfg = Release|Any CPU
		{70CE195D-D8BE-44DD-8ECD-6F5965CFDCB0}.Release|Any CPU.Build.0 = Release|Any CPU
		{443EA506-9C5B-461A-88F6-E5C73741CBAB}.Debug|Any CPU.ActiveCfg = Debug|Any CPU
		{443EA506-9C5B-461A-88F6-E5C73741CBAB}.Debug|Any CPU.Build.0 = Debug|Any CPU
		{443EA506-9C5B-461A-88F6-E5C73741CBAB}.Release|Any CPU.ActiveCfg = Release|Any CPU
		{443EA506-9C5B-461A-88F6-E5C73741CBAB}.Release|Any CPU.Build.0 = Release|Any CPU
		{77485E23-F135-4BA6-9C2C-E63F27AF28CC}.Debug|Any CPU.ActiveCfg = Debug|Any CPU
		{77485E23-F135-4BA6-9C2C-E63F27AF28CC}.Debug|Any CPU.Build.0 = Debug|Any CPU
		{77485E23-F135-4BA6-9C2C-E63F27AF28CC}.Release|Any CPU.ActiveCfg = Release|Any CPU
		{77485E23-F135-4BA6-9C2C-E63F27AF28CC}.Release|Any CPU.Build.0 = Release|Any CPU
		{6C144F88-2BF9-4174-8DC5-B81CC2982D97}.Debug|Any CPU.ActiveCfg = Debug|Any CPU
		{6C144F88-2BF9-4174-8DC5-B81CC2982D97}.Debug|Any CPU.Build.0 = Debug|Any CPU
		{6C144F88-2BF9-4174-8DC5-B81CC2982D97}.Release|Any CPU.ActiveCfg = Release|Any CPU
		{6C144F88-2BF9-4174-8DC5-B81CC2982D97}.Release|Any CPU.Build.0 = Release|Any CPU
	EndGlobalSection
	GlobalSection(SolutionProperties) = preSolution
		HideSolutionNode = FALSE
	EndGlobalSection
	GlobalSection(ExtensibilityGlobals) = postSolution
		SolutionGuid = {C199A8F1-B725-4827-8D73-AF92BEF18612}
	EndGlobalSection
EndGlobal
